
Microsoft Visual Studio Solution File, Format Version 12.00
# Visual Studio Version 18
VisualStudioVersion = 18.3.11222.16
MinimumVisualStudioVersion = 10.0.40219.1
Project("{FAE04EC0-301F-11D3-BF4B-00C04F79EFBC}") = "DualModeMonitorSystem", "DualModeMonitorSystem\DualModeMonitorSystem.csproj", "{C367BC25-640A-4E4C-BD00-77FB8D9282D4}"
EndProject
Project("{FAE04EC0-301F-11D3-BF4B-00C04F79EFBC}") = "MonitorApi", "MonitorApi\MonitorApi.csproj", "{598396B6-6EC8-4933-BA69-2316753ACC2E}"
EndProject
Project("{FAE04EC0-301F-11D3-BF4B-00C04F79EFBC}") = "MonitorLibrary", "MonitorLibrary\MonitorLibrary.csproj", "{9C2E5DED-C937-424C-8C89-BCAFE1F65AB0}"
EndProject
Project("{FAE04EC0-301F-11D3-BF4B-00C04F79EFBC}") = "OpcUaTempSensorServer", "OpcUaTempSensorServer\OpcUaTempSensorServer.csproj", "{7E1270DB-ADE9-4F57-9C6A-B1688E00A654}"
EndProject
Project("{FAE04EC0-301F-11D3-BF4B-00C04F79EFBC}") = "MonitorRabbitMQService", "MonitorRabbitMQService\MonitorRabbitMQService.csproj", "{998350BC-B629-4096-8DD5-E24668E2AEEE}"
EndProject
Global
	GlobalSection(SolutionConfigurationPlatforms) = preSolution
		Debug|Any CPU = Debug|Any CPU
		Release|Any CPU = Release|Any CPU
	EndGlobalSection
	GlobalSection(ProjectConfigurationPlatforms) = postSolution
		{C367BC25-640A-4E4C-BD00-77FB8D9282D4}.Debug|Any CPU.ActiveCfg = Debug|Any CPU
		{C367BC25-640A-4E4C-BD00-77FB8D9282D4}.Debug|Any CPU.Build.0 = Debug|Any CPU
		{C367BC25-640A-4E4C-BD00-77FB8D9282D4}.Release|Any CPU.ActiveCfg = Release|Any CPU
		{C367BC25-640A-4E4C-BD00-77FB8D9282D4}.Release|Any CPU.Build.0 = Release|Any CPU
		{598396B6-6EC8-4933-BA69-2316753ACC2E}.Debug|Any CPU.ActiveCfg = Debug|Any CPU
		{598396B6-6EC8-4933-BA69-2316753ACC2E}.Debug|Any CPU.Build.0 = Debug|Any CPU
		{598396B6-6EC8-4933-BA69-2316753ACC2E}.Release|Any CPU.ActiveCfg = Release|Any CPU
		{598396B6-6EC8-4933-BA69-2316753ACC2E}.Release|Any CPU.Build.0 = Release|Any CPU
		{9C2E5DED-C937-424C-8C89-BCAFE1F65AB0}.Debug|Any CPU.ActiveCfg = Debug|Any CPU
		{9C2E5DED-C937-424C-8C89-BCAFE1F65AB0}.Debug|Any CPU.Build.0 = Debug|Any CPU
		{9C2E5DED-C937-424C-8C89-BCAFE1F65AB0}.Release|Any CPU.ActiveCfg = Release|Any CPU
		{9C2E5DED-C937-424C-8C89-BCAFE1F65AB0}.Release|Any CPU.Build.0 = Release|Any CPU
		{7E1270DB-ADE9-4F57-9C6A-B1688E00A654}.Debug|Any CPU.ActiveCfg = Debug|Any CPU
		{7E1270DB-ADE9-4F57-9C6A-B1688E00A654}.Debug|Any CPU.Build.0 = Debug|Any CPU
		{7E1270DB-ADE9-4F57-9C6A-B1688E00A654}.Release|Any CPU.ActiveCfg = Release|Any CPU
		{7E1270DB-ADE9-4F57-9C6A-B1688E00A654}.Release|Any CPU.Build.0 = Release|Any CPU
		{998350BC-B629-4096-8DD5-E24668E2AEEE}.Debug|Any CPU.ActiveCfg = Debug|Any CPU
		{998350BC-B629-4096-8DD5-E24668E2AEEE}.Debug|Any CPU.Build.0 = Debug|Any CPU
		{998350BC-B629-4096-8DD5-E24668E2AEEE}.Release|Any CPU.ActiveCfg = Release|Any CPU
		{998350BC-B629-4096-8DD5-E24668E2AEEE}.Release|Any CPU.Build.0 = Release|Any CPU
	EndGlobalSection
	GlobalSection(SolutionProperties) = preSolution
		HideSolutionNode = FALSE
	EndGlobalSection
	GlobalSection(ExtensibilityGlobals) = postSolution
		SolutionGuid = {54BBB64E-4338-4D34-AE2E-86D308817BF0}
	EndGlobalSection
EndGlobal
